{
  "nodes": {
    "home-manager-stable": {
      "inputs": {
        "nixpkgs": [
          "nixpkgs-stable"
        ]
      },
      "locked": {
        "lastModified": 1719827415,
        "narHash": "sha256-pvh+1hStXXAZf0sZ1xIJbWGx4u+OGBC1rVx6Wsw0fBw=",
        "owner": "nix-community",
        "repo": "home-manager",
        "rev": "f2e3c19867262dbe84fdfab42467fc8dd83a2005",
        "type": "github"
      },
      "original": {
        "owner": "nix-community",
        "ref": "release-23.11",
        "repo": "home-manager",
        "type": "github"
      }
    },
    "home-manager-unstable": {
      "inputs": {
        "nixpkgs": [
          "nixpkgs-unstable"
        ]
      },
      "locked": {
        "lastModified": 1726440980,
        "narHash": "sha256-ChhIrjtdu5d83W+YDRH+Ec5g1MmM0xk6hJnkz15Ot7M=",
        "owner": "nix-community",
        "repo": "home-manager",
        "rev": "a9c9cc6e50f7cbd2d58ccb1cd46a1e06e9e445ff",
        "type": "github"
      },
      "original": {
        "owner": "nix-community",
        "ref": "master",
        "repo": "home-manager",
        "type": "github"
      }
    },
    "nix-ld": {
      "inputs": {
        "nixpkgs": [
          "nixpkgs-unstable"
        ]
      },
      "locked": {
        "lastModified": 1726227680,
        "narHash": "sha256-pcqHXle7uHQTUESc40Yu0k05cFMRVpm3D8ZHPH6scOY=",
        "owner": "Mic92",
        "repo": "nix-ld",
        "rev": "5ee22be69d8bd66da100157fab54d8dde37c775b",
        "type": "github"
      },
      "original": {
        "owner": "Mic92",
        "repo": "nix-ld",
        "type": "github"
      }
    },
    "nixpkgs-stable": {
      "locked": {
        "lastModified": 1720535198,
        "narHash": "sha256-zwVvxrdIzralnSbcpghA92tWu2DV2lwv89xZc8MTrbg=",
        "owner": "NixOS",
        "repo": "nixpkgs",
        "rev": "205fd4226592cc83fd4c0885a3e4c9c400efabb5",
        "type": "github"
      },
      "original": {
        "id": "nixpkgs",
        "ref": "nixos-23.11",
        "type": "indirect"
      }
    },
    "nixpkgs-unstable": {
      "locked": {
        "lastModified": 1726243404,
        "narHash": "sha256-sjiGsMh+1cWXb53Tecsm4skyFNag33GPbVgCdfj3n9I=",
        "owner": "NixOS",
        "repo": "nixpkgs",
        "rev": "345c263f2f53a3710abe117f28a5cb86d0ba4059",
        "type": "github"
      },
      "original": {
        "id": "nixpkgs",
        "ref": "nixos-unstable",
        "type": "indirect"
      }
    },
    "root": {
      "inputs": {
        "home-manager-stable": "home-manager-stable",
        "home-manager-unstable": "home-manager-unstable",
        "nix-ld": "nix-ld",
        "nixpkgs-stable": "nixpkgs-stable",
        "nixpkgs-unstable": "nixpkgs-unstable"
      }
    }
  },
  "root": "root",
  "version": 7
}
